
Microsoft Visual Studio Solution File, Format Version 12.00
# Visual Studio Version 17
VisualStudioVersion = 17.0.31903.59
MinimumVisualStudioVersion = 10.0.40219.1
Project("{FAE04EC0-301F-11D3-BF4B-00C04F79EFBC}") = "CSharpBatchMar23", "CSharpBatchMar23.csproj", "{6374D3CC-FCCC-449F-BC88-400F05D87287}"
EndProject
Global
	GlobalSection(SolutionConfigurationPlatforms) = preSolution
		Debug|Any CPU = Debug|Any CPU
		Release|Any CPU = Release|Any CPU
	EndGlobalSection
	GlobalSection(ProjectConfigurationPlatforms) = postSolution
		{6374D3CC-FCCC-449F-BC88-400F05D87287}.Debug|Any CPU.ActiveCfg = Debug|Any CPU
		{6374D3CC-FCCC-449F-BC88-400F05D87287}.Debug|Any CPU.Build.0 = Debug|Any CPU
		{6374D3CC-FCCC-449F-BC88-400F05D87287}.Release|Any CPU.ActiveCfg = Release|Any CPU
		{6374D3CC-FCCC-449F-BC88-400F05D87287}.Release|Any CPU.Build.0 = Release|Any CPU
	EndGlobalSection
	GlobalSection(SolutionProperties) = preSolution
		HideSolutionNode = FALSE
	EndGlobalSection
	GlobalSection(ExtensibilityGlobals) = postSolution
		SolutionGuid = {5F7CC046-4ADC-4574-B28B-6D8F35ED0243}
	EndGlobalSection
EndGlobal
